
Microsoft Visual Studio Solution File, Format Version 12.00
# Visual Studio Version 17
VisualStudioVersion = 17.8.34330.188
MinimumVisualStudioVersion = 10.0.40219.1
Project("{FAE04EC0-301F-11D3-BF4B-00C04F79EFBC}") = "ERP_WEB_API", "ERP_WEB_API\ERP_WEB_API.csproj", "{B496FE39-2514-463B-84E7-97FAF5387841}"
EndProject
Global
	GlobalSection(SolutionConfigurationPlatforms) = preSolution
		Debug|Any CPU = Debug|Any CPU
		Release|Any CPU = Release|Any CPU
	EndGlobalSection
	GlobalSection(ProjectConfigurationPlatforms) = postSolution
		{B496FE39-2514-463B-84E7-97FAF5387841}.Debug|Any CPU.ActiveCfg = Debug|Any CPU
		{B496FE39-2514-463B-84E7-97FAF5387841}.Debug|Any CPU.Build.0 = Debug|Any CPU
		{B496FE39-2514-463B-84E7-97FAF5387841}.Release|Any CPU.ActiveCfg = Release|Any CPU
		{B496FE39-2514-463B-84E7-97FAF5387841}.Release|Any CPU.Build.0 = Release|Any CPU
	EndGlobalSection
	GlobalSection(SolutionProperties) = preSolution
		HideSolutionNode = FALSE
	EndGlobalSection
	GlobalSection(ExtensibilityGlobals) = postSolution
		SolutionGuid = {3BF155CE-2C0F-4BF1-8183-DFDC9EBF9059}
	EndGlobalSection
EndGlobal
